
Microsoft Visual Studio Solution File, Format Version 12.00
# Visual Studio Version 17
VisualStudioVersion = 17.6.33801.468
MinimumVisualStudioVersion = 10.0.40219.1
Project("{FAE04EC0-301F-11D3-BF4B-00C04F79EFBC}") = "XRP.NFT", "XRP.NFT\XRP.NFT.csproj", "{C1D5D66F-7326-4AB6-AF6F-067EB4375AE9}"
EndProject
Global
	GlobalSection(SolutionConfigurationPlatforms) = preSolution
		Debug|Any CPU = Debug|Any CPU
		Release|Any CPU = Release|Any CPU
	EndGlobalSection
	GlobalSection(ProjectConfigurationPlatforms) = postSolution
		{C1D5D66F-7326-4AB6-AF6F-067EB4375AE9}.Debug|Any CPU.ActiveCfg = Debug|Any CPU
		{C1D5D66F-7326-4AB6-AF6F-067EB4375AE9}.Debug|Any CPU.Build.0 = Debug|Any CPU
		{C1D5D66F-7326-4AB6-AF6F-067EB4375AE9}.Release|Any CPU.ActiveCfg = Release|Any CPU
		{C1D5D66F-7326-4AB6-AF6F-067EB4375AE9}.Release|Any CPU.Build.0 = Release|Any CPU
	EndGlobalSection
	GlobalSection(SolutionProperties) = preSolution
		HideSolutionNode = FALSE
	EndGlobalSection
	GlobalSection(ExtensibilityGlobals) = postSolution
		SolutionGuid = {4EDCED0F-0FDC-47DD-A38B-609F30D96720}
	EndGlobalSection
EndGlobal
